{
    "_readme": [
        "This file locks the dependencies of your project to a known state",
        "Read more about it at https://getcomposer.org/doc/01-basic-usage.md#composer-lock-the-lock-file",
        "This file is @generated automatically"
    ],
    "hash": "2be9bef6f17004677f2a067b06ffdb2c",
    "content-hash": "95a837c99c7024daf4c4fc0b71b97cab",
    "packages": [
        {
            "name": "jenner/simple_fork",
            "version": "1.1.2",
            "source": {
                "type": "git",
                "url": "https://github.com/huyanping/simple-fork-php.git",
                "reference": "fd64d2e4db672bb7a5bd2ce21812cd25e3f75fd9"
            },
            "dist": {
                "type": "zip",
                "url": "https://api.github.com/repos/huyanping/simple-fork-php/zipball/fd64d2e4db672bb7a5bd2ce21812cd25e3f75fd9",
                "reference": "fd64d2e4db672bb7a5bd2ce21812cd25e3f75fd9",
                "shasum": ""
            },
            "require": {
                "php": ">=5.3.0"
            },
            "type": "package",
            "autoload": {
                "psr-4": {
                    "Jenner\\SimpleFork\\": "./src"
                }
            },
            "notification-url": "https://packagist.org/downloads/",
            "license": [
                "MIT"
            ],
            "authors": [
                {
                    "name": "Jenner",
                    "email": "hypxm@qq.com",
                    "homepage": "http://www.huyanping.cn"
                }
            ],
            "description": "simple multi process manager based on pcntl",
            "keywords": [
                "fork",
                "fork manager",
                "process ipc",
                "process manager"
            ],
            "time": "2015-11-24 06:13:54"
        }
    ],
    "packages-dev": [],
    "aliases": [],
    "minimum-stability": "stable",
    "stability-flags": [],
    "prefer-stable": false,
    "prefer-lowest": false,
    "platform": [],
    "platform-dev": []
}
